
Microsoft Visual Studio Solution File, Format Version 12.00
# Visual Studio Version 17
VisualStudioVersion = 17.11.35312.102
MinimumVisualStudioVersion = 10.0.40219.1
Project("{FAE04EC0-301F-11D3-BF4B-00C04F79EFBC}") = "reporte", "reporte\reporte.csproj", "{E44AD95E-97C7-4FC8-8A6C-28E5137269D9}"
EndProject
Global
	GlobalSection(SolutionConfigurationPlatforms) = preSolution
		Debug|Any CPU = Debug|Any CPU
		Release|Any CPU = Release|Any CPU
	EndGlobalSection
	GlobalSection(ProjectConfigurationPlatforms) = postSolution
		{E44AD95E-97C7-4FC8-8A6C-28E5137269D9}.Debug|Any CPU.ActiveCfg = Debug|Any CPU
		{E44AD95E-97C7-4FC8-8A6C-28E5137269D9}.Debug|Any CPU.Build.0 = Debug|Any CPU
		{E44AD95E-97C7-4FC8-8A6C-28E5137269D9}.Release|Any CPU.ActiveCfg = Release|Any CPU
		{E44AD95E-97C7-4FC8-8A6C-28E5137269D9}.Release|Any CPU.Build.0 = Release|Any CPU
	EndGlobalSection
	GlobalSection(SolutionProperties) = preSolution
		HideSolutionNode = FALSE
	EndGlobalSection
	GlobalSection(ExtensibilityGlobals) = postSolution
		SolutionGuid = {6CB89970-4664-47FA-A8B7-54B066DAF6B2}
	EndGlobalSection
EndGlobal
