
Microsoft Visual Studio Solution File, Format Version 12.00
# Visual Studio Version 17
VisualStudioVersion = 17.11.35312.102
MinimumVisualStudioVersion = 10.0.40219.1
Project("{FAE04EC0-301F-11D3-BF4B-00C04F79EFBC}") = "PizzaOrder", "PizzaOrder\PizzaOrder.csproj", "{5C733CFC-0A50-402B-8767-9830F2CAEC02}"
EndProject
Global
	GlobalSection(SolutionConfigurationPlatforms) = preSolution
		Debug|Any CPU = Debug|Any CPU
		Release|Any CPU = Release|Any CPU
	EndGlobalSection
	GlobalSection(ProjectConfigurationPlatforms) = postSolution
		{5C733CFC-0A50-402B-8767-9830F2CAEC02}.Debug|Any CPU.ActiveCfg = Debug|Any CPU
		{5C733CFC-0A50-402B-8767-9830F2CAEC02}.Debug|Any CPU.Build.0 = Debug|Any CPU
		{5C733CFC-0A50-402B-8767-9830F2CAEC02}.Release|Any CPU.ActiveCfg = Release|Any CPU
		{5C733CFC-0A50-402B-8767-9830F2CAEC02}.Release|Any CPU.Build.0 = Release|Any CPU
	EndGlobalSection
	GlobalSection(SolutionProperties) = preSolution
		HideSolutionNode = FALSE
	EndGlobalSection
	GlobalSection(ExtensibilityGlobals) = postSolution
		SolutionGuid = {6C85F347-BAD5-41C5-B18A-08B2C80A5D25}
	EndGlobalSection
EndGlobal
